
Microsoft Visual Studio Solution File, Format Version 12.00
# Visual Studio Version 17
VisualStudioVersion = 17.10.35122.118
MinimumVisualStudioVersion = 10.0.40219.1
Project("{FAE04EC0-301F-11D3-BF4B-00C04F79EFBC}") = "learningprojectserver", "learningprojectserver.csproj", "{C5A4266F-8348-44AE-8E02-07C9BE06C7FE}"
EndProject
Project("{FAE04EC0-301F-11D3-BF4B-00C04F79EFBC}") = "learningprojectserver.Tests", "learningprojectserver.Tests\learningprojectserver.Tests.csproj", "{60CF0584-BAB7-46E7-8070-B912729BBFA3}"
EndProject
Global
	GlobalSection(SolutionConfigurationPlatforms) = preSolution
		Debug|Any CPU = Debug|Any CPU
		Release|Any CPU = Release|Any CPU
	EndGlobalSection
	GlobalSection(ProjectConfigurationPlatforms) = postSolution
		{C5A4266F-8348-44AE-8E02-07C9BE06C7FE}.Debug|Any CPU.ActiveCfg = Debug|Any CPU
		{C5A4266F-8348-44AE-8E02-07C9BE06C7FE}.Debug|Any CPU.Build.0 = Debug|Any CPU
		{C5A4266F-8348-44AE-8E02-07C9BE06C7FE}.Release|Any CPU.ActiveCfg = Release|Any CPU
		{C5A4266F-8348-44AE-8E02-07C9BE06C7FE}.Release|Any CPU.Build.0 = Release|Any CPU
		{60CF0584-BAB7-46E7-8070-B912729BBFA3}.Debug|Any CPU.ActiveCfg = Debug|Any CPU
		{60CF0584-BAB7-46E7-8070-B912729BBFA3}.Debug|Any CPU.Build.0 = Debug|Any CPU
		{60CF0584-BAB7-46E7-8070-B912729BBFA3}.Release|Any CPU.ActiveCfg = Release|Any CPU
		{60CF0584-BAB7-46E7-8070-B912729BBFA3}.Release|Any CPU.Build.0 = Release|Any CPU
	EndGlobalSection
	GlobalSection(SolutionProperties) = preSolution
		HideSolutionNode = FALSE
	EndGlobalSection
	GlobalSection(ExtensibilityGlobals) = postSolution
		SolutionGuid = {CC21EA7E-E281-426D-A912-D32A10470A67}
	EndGlobalSection
EndGlobal
